
Microsoft Visual Studio Solution File, Format Version 12.00
# Visual Studio Version 17
VisualStudioVersion = 17.0.32014.148
MinimumVisualStudioVersion = 10.0.40219.1
Project("{FAE04EC0-301F-11D3-BF4B-00C04F79EFBC}") = "JokePunchline", "JokePunchline.csproj", "{D839FF13-E841-4A61-A070-2BA1A7D19809}"
EndProject
Global
	GlobalSection(SolutionConfigurationPlatforms) = preSolution
		Debug|Any CPU = Debug|Any CPU
		Release|Any CPU = Release|Any CPU
	EndGlobalSection
	GlobalSection(ProjectConfigurationPlatforms) = postSolution
		{D839FF13-E841-4A61-A070-2BA1A7D19809}.Debug|Any CPU.ActiveCfg = Debug|Any CPU
		{D839FF13-E841-4A61-A070-2BA1A7D19809}.Debug|Any CPU.Build.0 = Debug|Any CPU
		{D839FF13-E841-4A61-A070-2BA1A7D19809}.Release|Any CPU.ActiveCfg = Release|Any CPU
		{D839FF13-E841-4A61-A070-2BA1A7D19809}.Release|Any CPU.Build.0 = Release|Any CPU
	EndGlobalSection
	GlobalSection(SolutionProperties) = preSolution
		HideSolutionNode = FALSE
	EndGlobalSection
	GlobalSection(ExtensibilityGlobals) = postSolution
		SolutionGuid = {A1449938-1181-4036-96F9-F420B285C486}
	EndGlobalSection
EndGlobal
